
Microsoft Visual Studio Solution File, Format Version 12.00
# Visual Studio Version 16
VisualStudioVersion = 16.0.29102.190
MinimumVisualStudioVersion = 10.0.40219.1
Project("{2150E333-8FDC-42A3-9474-1A3956D46DE8}") = ".paket", ".paket", "{63297B98-5CED-492C-A5B7-A5B4F73CF142}"
	ProjectSection(SolutionItems) = preProject
		paket.dependencies = paket.dependencies
		paket.lock = paket.lock
	EndProjectSection
EndProject
Project("{6EC3EE1D-3C4E-46DD-8F32-0CC8E7565705}") = "BioFSharp", "src\BioFSharp\BioFSharp.fsproj", "{DC20B62F-9F8B-4128-898D-9436B1CE8B8D}"
EndProject
Project("{2150E333-8FDC-42A3-9474-1A3956D46DE8}") = "project", "project", "{BF60BC93-E09B-4E5F-9D85-95A519479D54}"
	ProjectSection(SolutionItems) = preProject
		LICENSE = LICENSE
		README.md = README.md
		RELEASE_NOTES.md = RELEASE_NOTES.md
	EndProjectSection
EndProject
Project("{2150E333-8FDC-42A3-9474-1A3956D46DE8}") = "tools", "tools", "{83F16175-43B1-4C90-A1EE-8E351C33435D}"
	ProjectSection(SolutionItems) = preProject
		docsrc\tools\generate.fsx = docsrc\tools\generate.fsx
		docsrc\tools\templates\template.cshtml = docsrc\tools\templates\template.cshtml
	EndProjectSection
EndProject
Project("{2150E333-8FDC-42A3-9474-1A3956D46DE8}") = "content", "content", "{8E6D5255-776D-4B61-85F9-73C37AA1FB9A}"
	ProjectSection(SolutionItems) = preProject
		docsrc\content\Alignment.fsx = docsrc\content\Alignment.fsx
		docsrc\content\AminoProperties.fsx = docsrc\content\AminoProperties.fsx
		docsrc\content\BioCollections.fsx = docsrc\content\BioCollections.fsx
		docsrc\content\BioContainers.fsx = docsrc\content\BioContainers.fsx
		docsrc\content\BioContainersDesignGuide.fsx = docsrc\content\BioContainersDesignGuide.fsx
		docsrc\content\BioDB.fsx = docsrc\content\BioDB.fsx
		docsrc\content\BioID.fsx = docsrc\content\BioID.fsx
		docsrc\content\BioItem.fsx = docsrc\content\BioItem.fsx
		docsrc\content\BioTools-tmhmm.fsx = docsrc\content\BioTools-tmhmm.fsx
		docsrc\content\Blast.fsx = docsrc\content\Blast.fsx
		docsrc\content\BlastWrapper.fsx = docsrc\content\BlastWrapper.fsx
		docsrc\content\Clustal.fsx = docsrc\content\Clustal.fsx
		docsrc\content\ClustalOWrapper.fsx = docsrc\content\ClustalOWrapper.fsx
		docsrc\content\CSV.fsx = docsrc\content\CSV.fsx
		docsrc\content\FastA.fsx = docsrc\content\FastA.fsx
		docsrc\content\FastQ.fsx = docsrc\content\FastQ.fsx
		docsrc\content\Formula.fsx = docsrc\content\Formula.fsx
		docsrc\content\FSIPrinters.fsx = docsrc\content\FSIPrinters.fsx
		docsrc\content\GenBank.fsx = docsrc\content\GenBank.fsx
		docsrc\content\GFF3.fsx = docsrc\content\GFF3.fsx
		docsrc\content\GSEA.fsx = docsrc\content\GSEA.fsx
		docsrc\content\index.fsx = docsrc\content\index.fsx
		docsrc\content\Introduction.fsx = docsrc\content\Introduction.fsx
		docsrc\content\MoleculeFinding.fsx = docsrc\content\MoleculeFinding.fsx
		docsrc\content\MotiveSearch.fsx = docsrc\content\MotiveSearch.fsx
		docsrc\content\Newick.fsx = docsrc\content\Newick.fsx
		docsrc\content\Obo.fsx = docsrc\content\Obo.fsx
		docsrc\content\PetideClassification.fsx = docsrc\content\PetideClassification.fsx
		docsrc\content\Readers.fsx = docsrc\content\Readers.fsx
		docsrc\content\StringMatching.fsx = docsrc\content\StringMatching.fsx
		docsrc\content\tutorial.fsx = docsrc\content\tutorial.fsx
		docsrc\content\UniProt.fsx = docsrc\content\UniProt.fsx
		docsrc\content\WebLogo.fsx = docsrc\content\WebLogo.fsx
	EndProjectSection
EndProject
Project("{2150E333-8FDC-42A3-9474-1A3956D46DE8}") = "tests", "tests", "{ED8079DD-2B06-4030-9F0F-DC548F98E1C4}"
EndProject
Project("{6EC3EE1D-3C4E-46DD-8F32-0CC8E7565705}") = "BioFSharp.Tests", "tests\BioFSharp.Tests\BioFSharp.Tests.fsproj", "{EC120240-3BD9-4026-BA39-FEBEF5B7D41B}"
EndProject
Project("{2150E333-8FDC-42A3-9474-1A3956D46DE8}") = "git", "git", "{078A9C52-DDC1-46F4-9235-9E6C89C87AFD}"
	ProjectSection(SolutionItems) = preProject
		.gitattributes = .gitattributes
		.gitignore = .gitignore
		.github\ISSUE_TEMPLATE\bug_report.md = .github\ISSUE_TEMPLATE\bug_report.md
		CODE_OF_CONDUCT.md = CODE_OF_CONDUCT.md
		.github\CONTRIBUTING.md = .github\CONTRIBUTING.md
		.github\ISSUE_TEMPLATE\documentation.md = .github\ISSUE_TEMPLATE\documentation.md
		.github\ISSUE_TEMPLATE\feature_request.md = .github\ISSUE_TEMPLATE\feature_request.md
		PULL_REQUEST_TEMPLATE.md = PULL_REQUEST_TEMPLATE.md
	EndProjectSection
EndProject
Project("{2150E333-8FDC-42A3-9474-1A3956D46DE8}") = ".build", ".build", "{7C6D08E7-3EAC-4335-8F4B-252C193C27C9}"
	ProjectSection(SolutionItems) = preProject
		.travis.yml = .travis.yml
		appveyor.yml = appveyor.yml
		build.cmd = build.cmd
		build.fsx = build.fsx
		build.proj = build.proj
		build.sh = build.sh
	EndProjectSection
EndProject
Project("{6EC3EE1D-3C4E-46DD-8F32-0CC8E7565705}") = "BioFSharp.BioDB", "src\BioFSharp.BioDB\BioFSharp.BioDB.fsproj", "{36183ED7-462B-45DF-8FD5-6BD45084985B}"
EndProject
Project("{6EC3EE1D-3C4E-46DD-8F32-0CC8E7565705}") = "BioFSharp.IO", "src\BioFSharp.IO\BioFSharp.IO.fsproj", "{4EBA7C43-6726-4AFE-9EF2-3607CA038A62}"
EndProject
Project("{6EC3EE1D-3C4E-46DD-8F32-0CC8E7565705}") = "BioFSharp.Parallel", "src\BioFSharp.Parallel\BioFSharp.Parallel.fsproj", "{12A8066D-B779-425C-A2D2-491693EC6B42}"
EndProject
Project("{6EC3EE1D-3C4E-46DD-8F32-0CC8E7565705}") = "BioFSharp.Stats", "src\BioFSharp.Stats\BioFSharp.Stats.fsproj", "{9562FADF-F2E9-4998-BEF7-B252C55F7A38}"
EndProject
Project("{6EC3EE1D-3C4E-46DD-8F32-0CC8E7565705}") = "BioFSharp.Vis", "src\BioFSharp.Vis\BioFSharp.Vis.fsproj", "{DBD17E56-E3A2-4A19-AEAB-0E758FEBCD84}"
EndProject
Project("{6EC3EE1D-3C4E-46DD-8F32-0CC8E7565705}") = "BioFSharp.ImgP", "src\BioFSharp.ImgP\BioFSharp.ImgP.fsproj", "{1EB6FB44-6B1E-4939-BF49-267D163959FF}"
EndProject
Project("{6EC3EE1D-3C4E-46DD-8F32-0CC8E7565705}") = "BioFSharp.ML", "src\BioFSharp.ML\BioFSharp.ML.fsproj", "{B46C2CB5-8EC2-425B-9B15-D0BAEF30C08F}"
EndProject
Project("{6EC3EE1D-3C4E-46DD-8F32-0CC8E7565705}") = "BioFSharp.BioContainers", "src\BioFSharp.BioContainers\BioFSharp.BioContainers.fsproj", "{6055D81F-D817-44B3-B82B-F35E9ACB4802}"
EndProject
Global
	GlobalSection(SolutionConfigurationPlatforms) = preSolution
		Debug|Any CPU = Debug|Any CPU
		DotnetCore|Any CPU = DotnetCore|Any CPU
		Mono|Any CPU = Mono|Any CPU
		Release|Any CPU = Release|Any CPU
	EndGlobalSection
	GlobalSection(ProjectConfigurationPlatforms) = postSolution
		{DC20B62F-9F8B-4128-898D-9436B1CE8B8D}.Debug|Any CPU.ActiveCfg = Debug|Any CPU
		{DC20B62F-9F8B-4128-898D-9436B1CE8B8D}.Debug|Any CPU.Build.0 = Debug|Any CPU
		{DC20B62F-9F8B-4128-898D-9436B1CE8B8D}.DotnetCore|Any CPU.ActiveCfg = DotnetCore|Any CPU
		{DC20B62F-9F8B-4128-898D-9436B1CE8B8D}.DotnetCore|Any CPU.Build.0 = DotnetCore|Any CPU
		{DC20B62F-9F8B-4128-898D-9436B1CE8B8D}.Mono|Any CPU.ActiveCfg = Mono|Any CPU
		{DC20B62F-9F8B-4128-898D-9436B1CE8B8D}.Mono|Any CPU.Build.0 = Mono|Any CPU
		{DC20B62F-9F8B-4128-898D-9436B1CE8B8D}.Release|Any CPU.ActiveCfg = Release|Any CPU
		{DC20B62F-9F8B-4128-898D-9436B1CE8B8D}.Release|Any CPU.Build.0 = Release|Any CPU
		{EC120240-3BD9-4026-BA39-FEBEF5B7D41B}.Debug|Any CPU.ActiveCfg = Debug|Any CPU
		{EC120240-3BD9-4026-BA39-FEBEF5B7D41B}.Debug|Any CPU.Build.0 = Debug|Any CPU
		{EC120240-3BD9-4026-BA39-FEBEF5B7D41B}.DotnetCore|Any CPU.ActiveCfg = DotnetCore|Any CPU
		{EC120240-3BD9-4026-BA39-FEBEF5B7D41B}.Mono|Any CPU.ActiveCfg = Mono|Any CPU
		{EC120240-3BD9-4026-BA39-FEBEF5B7D41B}.Mono|Any CPU.Build.0 = Mono|Any CPU
		{EC120240-3BD9-4026-BA39-FEBEF5B7D41B}.Release|Any CPU.ActiveCfg = Release|Any CPU
		{EC120240-3BD9-4026-BA39-FEBEF5B7D41B}.Release|Any CPU.Build.0 = Release|Any CPU
		{36183ED7-462B-45DF-8FD5-6BD45084985B}.Debug|Any CPU.ActiveCfg = Debug|Any CPU
		{36183ED7-462B-45DF-8FD5-6BD45084985B}.Debug|Any CPU.Build.0 = Debug|Any CPU
		{36183ED7-462B-45DF-8FD5-6BD45084985B}.DotnetCore|Any CPU.ActiveCfg = DotnetCore|Any CPU
		{36183ED7-462B-45DF-8FD5-6BD45084985B}.Mono|Any CPU.ActiveCfg = Mono|Any CPU
		{36183ED7-462B-45DF-8FD5-6BD45084985B}.Release|Any CPU.ActiveCfg = Release|Any CPU
		{36183ED7-462B-45DF-8FD5-6BD45084985B}.Release|Any CPU.Build.0 = Release|Any CPU
		{4EBA7C43-6726-4AFE-9EF2-3607CA038A62}.Debug|Any CPU.ActiveCfg = Debug|Any CPU
		{4EBA7C43-6726-4AFE-9EF2-3607CA038A62}.Debug|Any CPU.Build.0 = Debug|Any CPU
		{4EBA7C43-6726-4AFE-9EF2-3607CA038A62}.DotnetCore|Any CPU.ActiveCfg = DotnetCore|Any CPU
		{4EBA7C43-6726-4AFE-9EF2-3607CA038A62}.DotnetCore|Any CPU.Build.0 = DotnetCore|Any CPU
		{4EBA7C43-6726-4AFE-9EF2-3607CA038A62}.Mono|Any CPU.ActiveCfg = Mono|Any CPU
		{4EBA7C43-6726-4AFE-9EF2-3607CA038A62}.Mono|Any CPU.Build.0 = Mono|Any CPU
		{4EBA7C43-6726-4AFE-9EF2-3607CA038A62}.Release|Any CPU.ActiveCfg = Release|Any CPU
		{4EBA7C43-6726-4AFE-9EF2-3607CA038A62}.Release|Any CPU.Build.0 = Release|Any CPU
		{12A8066D-B779-425C-A2D2-491693EC6B42}.Debug|Any CPU.ActiveCfg = Debug|Any CPU
		{12A8066D-B779-425C-A2D2-491693EC6B42}.Debug|Any CPU.Build.0 = Debug|Any CPU
		{12A8066D-B779-425C-A2D2-491693EC6B42}.DotnetCore|Any CPU.ActiveCfg = DotnetCore|Any CPU
		{12A8066D-B779-425C-A2D2-491693EC6B42}.Mono|Any CPU.ActiveCfg = Mono|Any CPU
		{12A8066D-B779-425C-A2D2-491693EC6B42}.Mono|Any CPU.Build.0 = Mono|Any CPU
		{12A8066D-B779-425C-A2D2-491693EC6B42}.Release|Any CPU.ActiveCfg = Release|Any CPU
		{12A8066D-B779-425C-A2D2-491693EC6B42}.Release|Any CPU.Build.0 = Release|Any CPU
		{9562FADF-F2E9-4998-BEF7-B252C55F7A38}.Debug|Any CPU.ActiveCfg = Debug|Any CPU
		{9562FADF-F2E9-4998-BEF7-B252C55F7A38}.Debug|Any CPU.Build.0 = Debug|Any CPU
		{9562FADF-F2E9-4998-BEF7-B252C55F7A38}.DotnetCore|Any CPU.ActiveCfg = DotnetCore|Any CPU
		{9562FADF-F2E9-4998-BEF7-B252C55F7A38}.DotnetCore|Any CPU.Build.0 = DotnetCore|Any CPU
		{9562FADF-F2E9-4998-BEF7-B252C55F7A38}.Mono|Any CPU.ActiveCfg = Mono|Any CPU
		{9562FADF-F2E9-4998-BEF7-B252C55F7A38}.Mono|Any CPU.Build.0 = Mono|Any CPU
		{9562FADF-F2E9-4998-BEF7-B252C55F7A38}.Release|Any CPU.ActiveCfg = Release|Any CPU
		{9562FADF-F2E9-4998-BEF7-B252C55F7A38}.Release|Any CPU.Build.0 = Release|Any CPU
		{DBD17E56-E3A2-4A19-AEAB-0E758FEBCD84}.Debug|Any CPU.ActiveCfg = Debug|Any CPU
		{DBD17E56-E3A2-4A19-AEAB-0E758FEBCD84}.Debug|Any CPU.Build.0 = Debug|Any CPU
		{DBD17E56-E3A2-4A19-AEAB-0E758FEBCD84}.DotnetCore|Any CPU.ActiveCfg = Debug|Any CPU
		{DBD17E56-E3A2-4A19-AEAB-0E758FEBCD84}.Mono|Any CPU.ActiveCfg = Mono|Any CPU
		{DBD17E56-E3A2-4A19-AEAB-0E758FEBCD84}.Mono|Any CPU.Build.0 = Mono|Any CPU
		{DBD17E56-E3A2-4A19-AEAB-0E758FEBCD84}.Release|Any CPU.ActiveCfg = Release|Any CPU
		{DBD17E56-E3A2-4A19-AEAB-0E758FEBCD84}.Release|Any CPU.Build.0 = Release|Any CPU
		{1EB6FB44-6B1E-4939-BF49-267D163959FF}.Debug|Any CPU.ActiveCfg = Debug|Any CPU
		{1EB6FB44-6B1E-4939-BF49-267D163959FF}.Debug|Any CPU.Build.0 = Debug|Any CPU
		{1EB6FB44-6B1E-4939-BF49-267D163959FF}.DotnetCore|Any CPU.ActiveCfg = DotnetCore|Any CPU
		{1EB6FB44-6B1E-4939-BF49-267D163959FF}.Mono|Any CPU.ActiveCfg = Mono|Any CPU
		{1EB6FB44-6B1E-4939-BF49-267D163959FF}.Mono|Any CPU.Build.0 = Mono|Any CPU
		{1EB6FB44-6B1E-4939-BF49-267D163959FF}.Release|Any CPU.ActiveCfg = Release|Any CPU
		{1EB6FB44-6B1E-4939-BF49-267D163959FF}.Release|Any CPU.Build.0 = Release|Any CPU
		{B46C2CB5-8EC2-425B-9B15-D0BAEF30C08F}.Debug|Any CPU.ActiveCfg = Debug|Any CPU
		{B46C2CB5-8EC2-425B-9B15-D0BAEF30C08F}.Debug|Any CPU.Build.0 = Debug|Any CPU
		{B46C2CB5-8EC2-425B-9B15-D0BAEF30C08F}.DotnetCore|Any CPU.ActiveCfg = DotnetCore|Any CPU
		{B46C2CB5-8EC2-425B-9B15-D0BAEF30C08F}.DotnetCore|Any CPU.Build.0 = DotnetCore|Any CPU
		{B46C2CB5-8EC2-425B-9B15-D0BAEF30C08F}.Mono|Any CPU.ActiveCfg = Mono|Any CPU
		{B46C2CB5-8EC2-425B-9B15-D0BAEF30C08F}.Mono|Any CPU.Build.0 = Mono|Any CPU
		{B46C2CB5-8EC2-425B-9B15-D0BAEF30C08F}.Release|Any CPU.ActiveCfg = Release|Any CPU
		{B46C2CB5-8EC2-425B-9B15-D0BAEF30C08F}.Release|Any CPU.Build.0 = Release|Any CPU
		{6055D81F-D817-44B3-B82B-F35E9ACB4802}.Debug|Any CPU.ActiveCfg = Debug|Any CPU
		{6055D81F-D817-44B3-B82B-F35E9ACB4802}.Debug|Any CPU.Build.0 = Debug|Any CPU
		{6055D81F-D817-44B3-B82B-F35E9ACB4802}.DotnetCore|Any CPU.ActiveCfg = DotnetCore|Any CPU
		{6055D81F-D817-44B3-B82B-F35E9ACB4802}.DotnetCore|Any CPU.Build.0 = DotnetCore|Any CPU
		{6055D81F-D817-44B3-B82B-F35E9ACB4802}.Mono|Any CPU.ActiveCfg = Mono|Any CPU
		{6055D81F-D817-44B3-B82B-F35E9ACB4802}.Mono|Any CPU.Build.0 = Mono|Any CPU
		{6055D81F-D817-44B3-B82B-F35E9ACB4802}.Release|Any CPU.ActiveCfg = Release|Any CPU
		{6055D81F-D817-44B3-B82B-F35E9ACB4802}.Release|Any CPU.Build.0 = Release|Any CPU
	EndGlobalSection
	GlobalSection(SolutionProperties) = preSolution
		HideSolutionNode = FALSE
	EndGlobalSection
	GlobalSection(NestedProjects) = preSolution
		{EC120240-3BD9-4026-BA39-FEBEF5B7D41B} = {ED8079DD-2B06-4030-9F0F-DC548F98E1C4}
	EndGlobalSection
	GlobalSection(ExtensibilityGlobals) = postSolution
		SolutionGuid = {DC87DD12-49BB-4661-B8AB-9D08B005A76B}
	EndGlobalSection
EndGlobal
