
Microsoft Visual Studio Solution File, Format Version 12.00
# Visual Studio Version 16
VisualStudioVersion = 16.6.30114.105
MinimumVisualStudioVersion = 10.0.40219.1
Project("{6EC3EE1D-3C4E-46DD-8F32-0CC8E7565705}") = "BioFSharp", "src\BioFSharp\BioFSharp.fsproj", "{BCC98073-DFD3-4819-BC98-AEE991491A31}"
EndProject
Project("{6EC3EE1D-3C4E-46DD-8F32-0CC8E7565705}") = "BioFSharp.IO", "src\BioFSharp.IO\BioFSharp.IO.fsproj", "{7AE55ABD-6EF3-407A-802C-7127169BFE4B}"
EndProject
Project("{6EC3EE1D-3C4E-46DD-8F32-0CC8E7565705}") = "BioFSharp.Stats", "src\BioFSharp.Stats\BioFSharp.Stats.fsproj", "{5778FFC5-13E6-46F3-A5B9-A72BEAF934F0}"
EndProject
Project("{6EC3EE1D-3C4E-46DD-8F32-0CC8E7565705}") = "BioFSharp.ML", "src\BioFSharp.ML\BioFSharp.ML.fsproj", "{1A9A1F85-5D16-4B42-8625-DDE6E9F489F0}"
EndProject
Project("{6EC3EE1D-3C4E-46DD-8F32-0CC8E7565705}") = "BioFSharp.BioContainers", "src\BioFSharp.BioContainers\BioFSharp.BioContainers.fsproj", "{34CEE414-19D4-453C-AE49-C166564B648A}"
EndProject
Project("{2150E333-8FDC-42A3-9474-1A3956D46DE8}") = "tests", "tests", "{653DC881-9E1C-490D-A7F2-1CFE5D78D3FE}"
EndProject
Project("{6EC3EE1D-3C4E-46DD-8F32-0CC8E7565705}") = "BioFSharp.Tests", "tests\BioFSharp.Tests\BioFSharp.Tests.fsproj", "{F9E53B05-C5B7-4F90-A446-045079B9013D}"
EndProject
Project("{2150E333-8FDC-42A3-9474-1A3956D46DE8}") = ".build", ".build", "{35248763-7104-4D4A-BB05-E6EB9967E963}"
	ProjectSection(SolutionItems) = preProject
		build.cmd = build.cmd
		build.fsx = build.fsx
		build.fsx.lock = build.fsx.lock
		build.sh = build.sh
	EndProjectSection
EndProject
Project("{2150E333-8FDC-42A3-9474-1A3956D46DE8}") = "docs", "docs", "{236C409B-8B38-4393-8E23-4E6844EA97FD}"
EndProject
Project("{2150E333-8FDC-42A3-9474-1A3956D46DE8}") = ".ci", ".ci", "{A5C98CA2-8C64-4684-BF9A-6D76033BF822}"
EndProject
Global
	GlobalSection(SolutionConfigurationPlatforms) = preSolution
		Debug|Any CPU = Debug|Any CPU
		Debug|x64 = Debug|x64
		Debug|x86 = Debug|x86
		Release|Any CPU = Release|Any CPU
		Release|x64 = Release|x64
		Release|x86 = Release|x86
	EndGlobalSection
	GlobalSection(ProjectConfigurationPlatforms) = postSolution
		{BCC98073-DFD3-4819-BC98-AEE991491A31}.Debug|Any CPU.ActiveCfg = Debug|Any CPU
		{BCC98073-DFD3-4819-BC98-AEE991491A31}.Debug|Any CPU.Build.0 = Debug|Any CPU
		{BCC98073-DFD3-4819-BC98-AEE991491A31}.Debug|x64.ActiveCfg = Debug|Any CPU
		{BCC98073-DFD3-4819-BC98-AEE991491A31}.Debug|x64.Build.0 = Debug|Any CPU
		{BCC98073-DFD3-4819-BC98-AEE991491A31}.Debug|x86.ActiveCfg = Debug|Any CPU
		{BCC98073-DFD3-4819-BC98-AEE991491A31}.Debug|x86.Build.0 = Debug|Any CPU
		{BCC98073-DFD3-4819-BC98-AEE991491A31}.Release|Any CPU.ActiveCfg = Release|Any CPU
		{BCC98073-DFD3-4819-BC98-AEE991491A31}.Release|Any CPU.Build.0 = Release|Any CPU
		{BCC98073-DFD3-4819-BC98-AEE991491A31}.Release|x64.ActiveCfg = Release|Any CPU
		{BCC98073-DFD3-4819-BC98-AEE991491A31}.Release|x64.Build.0 = Release|Any CPU
		{BCC98073-DFD3-4819-BC98-AEE991491A31}.Release|x86.ActiveCfg = Release|Any CPU
		{BCC98073-DFD3-4819-BC98-AEE991491A31}.Release|x86.Build.0 = Release|Any CPU
		{7AE55ABD-6EF3-407A-802C-7127169BFE4B}.Debug|Any CPU.ActiveCfg = Debug|Any CPU
		{7AE55ABD-6EF3-407A-802C-7127169BFE4B}.Debug|Any CPU.Build.0 = Debug|Any CPU
		{7AE55ABD-6EF3-407A-802C-7127169BFE4B}.Debug|x64.ActiveCfg = Debug|Any CPU
		{7AE55ABD-6EF3-407A-802C-7127169BFE4B}.Debug|x64.Build.0 = Debug|Any CPU
		{7AE55ABD-6EF3-407A-802C-7127169BFE4B}.Debug|x86.ActiveCfg = Debug|Any CPU
		{7AE55ABD-6EF3-407A-802C-7127169BFE4B}.Debug|x86.Build.0 = Debug|Any CPU
		{7AE55ABD-6EF3-407A-802C-7127169BFE4B}.Release|Any CPU.ActiveCfg = Release|Any CPU
		{7AE55ABD-6EF3-407A-802C-7127169BFE4B}.Release|Any CPU.Build.0 = Release|Any CPU
		{7AE55ABD-6EF3-407A-802C-7127169BFE4B}.Release|x64.ActiveCfg = Release|Any CPU
		{7AE55ABD-6EF3-407A-802C-7127169BFE4B}.Release|x64.Build.0 = Release|Any CPU
		{7AE55ABD-6EF3-407A-802C-7127169BFE4B}.Release|x86.ActiveCfg = Release|Any CPU
		{7AE55ABD-6EF3-407A-802C-7127169BFE4B}.Release|x86.Build.0 = Release|Any CPU
		{5778FFC5-13E6-46F3-A5B9-A72BEAF934F0}.Debug|Any CPU.ActiveCfg = Debug|Any CPU
		{5778FFC5-13E6-46F3-A5B9-A72BEAF934F0}.Debug|Any CPU.Build.0 = Debug|Any CPU
		{5778FFC5-13E6-46F3-A5B9-A72BEAF934F0}.Debug|x64.ActiveCfg = Debug|Any CPU
		{5778FFC5-13E6-46F3-A5B9-A72BEAF934F0}.Debug|x64.Build.0 = Debug|Any CPU
		{5778FFC5-13E6-46F3-A5B9-A72BEAF934F0}.Debug|x86.ActiveCfg = Debug|Any CPU
		{5778FFC5-13E6-46F3-A5B9-A72BEAF934F0}.Debug|x86.Build.0 = Debug|Any CPU
		{5778FFC5-13E6-46F3-A5B9-A72BEAF934F0}.Release|Any CPU.ActiveCfg = Release|Any CPU
		{5778FFC5-13E6-46F3-A5B9-A72BEAF934F0}.Release|Any CPU.Build.0 = Release|Any CPU
		{5778FFC5-13E6-46F3-A5B9-A72BEAF934F0}.Release|x64.ActiveCfg = Release|Any CPU
		{5778FFC5-13E6-46F3-A5B9-A72BEAF934F0}.Release|x64.Build.0 = Release|Any CPU
		{5778FFC5-13E6-46F3-A5B9-A72BEAF934F0}.Release|x86.ActiveCfg = Release|Any CPU
		{5778FFC5-13E6-46F3-A5B9-A72BEAF934F0}.Release|x86.Build.0 = Release|Any CPU
		{1A9A1F85-5D16-4B42-8625-DDE6E9F489F0}.Debug|Any CPU.ActiveCfg = Debug|Any CPU
		{1A9A1F85-5D16-4B42-8625-DDE6E9F489F0}.Debug|Any CPU.Build.0 = Debug|Any CPU
		{1A9A1F85-5D16-4B42-8625-DDE6E9F489F0}.Debug|x64.ActiveCfg = Debug|Any CPU
		{1A9A1F85-5D16-4B42-8625-DDE6E9F489F0}.Debug|x64.Build.0 = Debug|Any CPU
		{1A9A1F85-5D16-4B42-8625-DDE6E9F489F0}.Debug|x86.ActiveCfg = Debug|Any CPU
		{1A9A1F85-5D16-4B42-8625-DDE6E9F489F0}.Debug|x86.Build.0 = Debug|Any CPU
		{1A9A1F85-5D16-4B42-8625-DDE6E9F489F0}.Release|Any CPU.ActiveCfg = Release|Any CPU
		{1A9A1F85-5D16-4B42-8625-DDE6E9F489F0}.Release|Any CPU.Build.0 = Release|Any CPU
		{1A9A1F85-5D16-4B42-8625-DDE6E9F489F0}.Release|x64.ActiveCfg = Release|Any CPU
		{1A9A1F85-5D16-4B42-8625-DDE6E9F489F0}.Release|x64.Build.0 = Release|Any CPU
		{1A9A1F85-5D16-4B42-8625-DDE6E9F489F0}.Release|x86.ActiveCfg = Release|Any CPU
		{1A9A1F85-5D16-4B42-8625-DDE6E9F489F0}.Release|x86.Build.0 = Release|Any CPU
		{34CEE414-19D4-453C-AE49-C166564B648A}.Debug|Any CPU.ActiveCfg = Debug|Any CPU
		{34CEE414-19D4-453C-AE49-C166564B648A}.Debug|Any CPU.Build.0 = Debug|Any CPU
		{34CEE414-19D4-453C-AE49-C166564B648A}.Debug|x64.ActiveCfg = Debug|Any CPU
		{34CEE414-19D4-453C-AE49-C166564B648A}.Debug|x64.Build.0 = Debug|Any CPU
		{34CEE414-19D4-453C-AE49-C166564B648A}.Debug|x86.ActiveCfg = Debug|Any CPU
		{34CEE414-19D4-453C-AE49-C166564B648A}.Debug|x86.Build.0 = Debug|Any CPU
		{34CEE414-19D4-453C-AE49-C166564B648A}.Release|Any CPU.ActiveCfg = Release|Any CPU
		{34CEE414-19D4-453C-AE49-C166564B648A}.Release|Any CPU.Build.0 = Release|Any CPU
		{34CEE414-19D4-453C-AE49-C166564B648A}.Release|x64.ActiveCfg = Release|Any CPU
		{34CEE414-19D4-453C-AE49-C166564B648A}.Release|x64.Build.0 = Release|Any CPU
		{34CEE414-19D4-453C-AE49-C166564B648A}.Release|x86.ActiveCfg = Release|Any CPU
		{34CEE414-19D4-453C-AE49-C166564B648A}.Release|x86.Build.0 = Release|Any CPU
		{F9E53B05-C5B7-4F90-A446-045079B9013D}.Debug|Any CPU.ActiveCfg = Debug|Any CPU
		{F9E53B05-C5B7-4F90-A446-045079B9013D}.Debug|Any CPU.Build.0 = Debug|Any CPU
		{F9E53B05-C5B7-4F90-A446-045079B9013D}.Debug|x64.ActiveCfg = Debug|Any CPU
		{F9E53B05-C5B7-4F90-A446-045079B9013D}.Debug|x64.Build.0 = Debug|Any CPU
		{F9E53B05-C5B7-4F90-A446-045079B9013D}.Debug|x86.ActiveCfg = Debug|Any CPU
		{F9E53B05-C5B7-4F90-A446-045079B9013D}.Debug|x86.Build.0 = Debug|Any CPU
		{F9E53B05-C5B7-4F90-A446-045079B9013D}.Release|Any CPU.ActiveCfg = Release|Any CPU
		{F9E53B05-C5B7-4F90-A446-045079B9013D}.Release|Any CPU.Build.0 = Release|Any CPU
		{F9E53B05-C5B7-4F90-A446-045079B9013D}.Release|x64.ActiveCfg = Release|Any CPU
		{F9E53B05-C5B7-4F90-A446-045079B9013D}.Release|x64.Build.0 = Release|Any CPU
		{F9E53B05-C5B7-4F90-A446-045079B9013D}.Release|x86.ActiveCfg = Release|Any CPU
		{F9E53B05-C5B7-4F90-A446-045079B9013D}.Release|x86.Build.0 = Release|Any CPU
	EndGlobalSection
	GlobalSection(SolutionProperties) = preSolution
		HideSolutionNode = FALSE
	EndGlobalSection
	GlobalSection(NestedProjects) = preSolution
		{F9E53B05-C5B7-4F90-A446-045079B9013D} = {653DC881-9E1C-490D-A7F2-1CFE5D78D3FE}
	EndGlobalSection
	GlobalSection(ExtensibilityGlobals) = postSolution
		SolutionGuid = {0A2ED902-6B1D-4BA1-966D-A325EE1BB479}
	EndGlobalSection
EndGlobal
